
Microsoft Visual Studio Solution File, Format Version 12.00
# Visual Studio Version 17
VisualStudioVersion = 17.10.34916.146
MinimumVisualStudioVersion = 10.0.40219.1
Project("{8BC9CEB8-8B4A-11D0-8D11-00A0C91BC942}") = "03_02_참조형", "01_02_첫 번째 예제\01_02_첫 번째 예제.vcxproj", "{16526E01-8291-4ABE-B1D1-372EB5848079}"
EndProject
Project("{8BC9CEB8-8B4A-11D0-8D11-00A0C91BC942}") = "03_01_전혀 다른 메모리 동적 할당", "01_01_전혀 다른 메모리 동적 할당\01_01_전혀 다른 메모리 동적 할당.vcxproj", "{FF425954-8D8A-49E5-BAD8-E1E3DB771A45}"
EndProject
Project("{8BC9CEB8-8B4A-11D0-8D11-00A0C91BC942}") = "03_03_r-value 참조", "03_03_r-value 참조\03_03_r-value 참조.vcxproj", "{3BB60AA9-7FFE-4032-B7D9-B02B1F058AA9}"
EndProject
Project("{8BC9CEB8-8B4A-11D0-8D11-00A0C91BC942}") = "03_04_범위 기반 for문", "03_04_범위 기반 for문\03_04_범위 기반 for문.vcxproj", "{4C57DFFA-0AA7-4391-9781-7D63F65D00B3}"
EndProject
Project("{8BC9CEB8-8B4A-11D0-8D11-00A0C91BC942}") = "04_01_디폴트 파라미터", "04_01_함수와 네임스페이스\04_01_함수와 네임스페이스.vcxproj", "{310C1146-0EB0-475F-AA78-5E1601975F9D}"
EndProject
Project("{8BC9CEB8-8B4A-11D0-8D11-00A0C91BC942}") = "04_02_함수 다중 정의(Overloading)", "04_02_함수 다중 정의(Overloading)\04_02_함수 다중 정의(Overloading).vcxproj", "{60648497-514C-4190-8A9E-CCC5691F6033}"
EndProject
Project("{8BC9CEB8-8B4A-11D0-8D11-00A0C91BC942}") = "04_03_함수 템플릿", "04_03_함수 템플릿\04_03_함수 템플릿.vcxproj", "{76E20A4F-456A-4EDD-A03B-761A691A4452}"
EndProject
Project("{8BC9CEB8-8B4A-11D0-8D11-00A0C91BC942}") = "04_04_네임스페이스", "04_04_네임스페이스\04_04_네임스페이스.vcxproj", "{75A31F2D-DEBE-45A5-8718-A5BED90DF835}"
EndProject
Project("{8BC9CEB8-8B4A-11D0-8D11-00A0C91BC942}") = "04_05_식별자 검색 순서", "04_05_식별자 검색 순서\04_05_식별자 검색 순서.vcxproj", "{B421AE55-72BC-4866-B246-A6D376CFB02A}"
EndProject
Project("{8BC9CEB8-8B4A-11D0-8D11-00A0C91BC942}") = "04_06_Name mangling", "04_06_Name mangling\04_06_Name mangling.vcxproj", "{14235488-3D2D-46F3-A25B-0837FA694ECB}"
EndProject
Project("{8BC9CEB8-8B4A-11D0-8D11-00A0C91BC942}") = "05_01_대충 생각하는 객체란 무엇인가", "05_01_대충 생각하는 객체란 무엇인가\05_01_대충 생각하는 객체란 무엇인가.vcxproj", "{AD28D2EC-1F7A-4F49-885F-D00662242DA1}"
EndProject
Project("{8BC9CEB8-8B4A-11D0-8D11-00A0C91BC942}") = "05_02_C++스타일 C코드", "05_02_C++스타일 C코드\05_02_C++스타일 C코드.vcxproj", "{2D67A342-AFA3-4B05-A419-E612BE1E24ED}"
EndProject
Project("{8BC9CEB8-8B4A-11D0-8D11-00A0C91BC942}") = "05_03_클래스 기본 문법", "05_03_클래스 기본 문법\05_03_클래스 기본 문법.vcxproj", "{5E38657D-B500-4CBC-8467-183D90A8CE1E}"
EndProject
Project("{8BC9CEB8-8B4A-11D0-8D11-00A0C91BC942}") = "05_04_디폴트 생성자와 소멸자", "05_04_디폴트 생성자와 소멸자\05_04_디폴트 생성자와 소멸자.vcxproj", "{401FEECC-A931-476F-AC24-E42601E7D533}"
EndProject
Project("{8BC9CEB8-8B4A-11D0-8D11-00A0C91BC942}") = "05_05_멤버 데이터 선언 및 초기화", "05_05_멤버 데이터 선언 및 초기화\05_05_멤버 데이터 선언 및 초기화.vcxproj", "{5625889C-6826-4B57-8040-44BA3F082988}"
EndProject
Project("{8BC9CEB8-8B4A-11D0-8D11-00A0C91BC942}") = "05_06_접근 제어 지시자", "05_06_접근 제어 지시자\05_06_접근 제어 지시자.vcxproj", "{9AC27D43-22A2-4EAE-993F-52F4E4DE8CBD}"
EndProject
Project("{8BC9CEB8-8B4A-11D0-8D11-00A0C91BC942}") = "05_07_생성자 다중 정의", "05_07_생성자 다중 정의\05_07_생성자 다중 정의.vcxproj", "{5AA804D1-9A8E-46A6-8BB8-1981A3093AEE}"
EndProject
Project("{8BC9CEB8-8B4A-11D0-8D11-00A0C91BC942}") = "05_08_메서드와 this 포인터", "05_08_메서드와 this 포인터\05_08_메서드와 this 포인터.vcxproj", "{75CC1BD6-A6D0-4D0E-8E78-25C125534EEE}"
EndProject
Project("{8BC9CEB8-8B4A-11D0-8D11-00A0C91BC942}") = "00_00_[실습]MyString", "00_00_[실습]MyString\00_00_[실습]MyString.vcxproj", "{FCBB8693-E98E-4C49-9A12-3CB9080B7810}"
EndProject
Project("{8BC9CEB8-8B4A-11D0-8D11-00A0C91BC942}") = "05_09_정적 멤버", "05_09_정적 멤버\05_09_정적 멤버.vcxproj", "{F42D3F59-3DDB-4830-B70F-4DD637B863B1}"
EndProject
Global
	GlobalSection(SolutionConfigurationPlatforms) = preSolution
		Debug|x64 = Debug|x64
		Debug|x86 = Debug|x86
		Release|x64 = Release|x64
		Release|x86 = Release|x86
	EndGlobalSection
	GlobalSection(ProjectConfigurationPlatforms) = postSolution
		{16526E01-8291-4ABE-B1D1-372EB5848079}.Debug|x64.ActiveCfg = Debug|x64
		{16526E01-8291-4ABE-B1D1-372EB5848079}.Debug|x64.Build.0 = Debug|x64
		{16526E01-8291-4ABE-B1D1-372EB5848079}.Debug|x86.ActiveCfg = Debug|Win32
		{16526E01-8291-4ABE-B1D1-372EB5848079}.Debug|x86.Build.0 = Debug|Win32
		{16526E01-8291-4ABE-B1D1-372EB5848079}.Release|x64.ActiveCfg = Release|x64
		{16526E01-8291-4ABE-B1D1-372EB5848079}.Release|x64.Build.0 = Release|x64
		{16526E01-8291-4ABE-B1D1-372EB5848079}.Release|x86.ActiveCfg = Release|Win32
		{16526E01-8291-4ABE-B1D1-372EB5848079}.Release|x86.Build.0 = Release|Win32
		{FF425954-8D8A-49E5-BAD8-E1E3DB771A45}.Debug|x64.ActiveCfg = Debug|x64
		{FF425954-8D8A-49E5-BAD8-E1E3DB771A45}.Debug|x64.Build.0 = Debug|x64
		{FF425954-8D8A-49E5-BAD8-E1E3DB771A45}.Debug|x86.ActiveCfg = Debug|Win32
		{FF425954-8D8A-49E5-BAD8-E1E3DB771A45}.Debug|x86.Build.0 = Debug|Win32
		{FF425954-8D8A-49E5-BAD8-E1E3DB771A45}.Release|x64.ActiveCfg = Release|x64
		{FF425954-8D8A-49E5-BAD8-E1E3DB771A45}.Release|x64.Build.0 = Release|x64
		{FF425954-8D8A-49E5-BAD8-E1E3DB771A45}.Release|x86.ActiveCfg = Release|Win32
		{FF425954-8D8A-49E5-BAD8-E1E3DB771A45}.Release|x86.Build.0 = Release|Win32
		{3BB60AA9-7FFE-4032-B7D9-B02B1F058AA9}.Debug|x64.ActiveCfg = Debug|x64
		{3BB60AA9-7FFE-4032-B7D9-B02B1F058AA9}.Debug|x64.Build.0 = Debug|x64
		{3BB60AA9-7FFE-4032-B7D9-B02B1F058AA9}.Debug|x86.ActiveCfg = Debug|Win32
		{3BB60AA9-7FFE-4032-B7D9-B02B1F058AA9}.Debug|x86.Build.0 = Debug|Win32
		{3BB60AA9-7FFE-4032-B7D9-B02B1F058AA9}.Release|x64.ActiveCfg = Release|x64
		{3BB60AA9-7FFE-4032-B7D9-B02B1F058AA9}.Release|x64.Build.0 = Release|x64
		{3BB60AA9-7FFE-4032-B7D9-B02B1F058AA9}.Release|x86.ActiveCfg = Release|Win32
		{3BB60AA9-7FFE-4032-B7D9-B02B1F058AA9}.Release|x86.Build.0 = Release|Win32
		{4C57DFFA-0AA7-4391-9781-7D63F65D00B3}.Debug|x64.ActiveCfg = Debug|x64
		{4C57DFFA-0AA7-4391-9781-7D63F65D00B3}.Debug|x64.Build.0 = Debug|x64
		{4C57DFFA-0AA7-4391-9781-7D63F65D00B3}.Debug|x86.ActiveCfg = Debug|Win32
		{4C57DFFA-0AA7-4391-9781-7D63F65D00B3}.Debug|x86.Build.0 = Debug|Win32
		{4C57DFFA-0AA7-4391-9781-7D63F65D00B3}.Release|x64.ActiveCfg = Release|x64
		{4C57DFFA-0AA7-4391-9781-7D63F65D00B3}.Release|x64.Build.0 = Release|x64
		{4C57DFFA-0AA7-4391-9781-7D63F65D00B3}.Release|x86.ActiveCfg = Release|Win32
		{4C57DFFA-0AA7-4391-9781-7D63F65D00B3}.Release|x86.Build.0 = Release|Win32
		{310C1146-0EB0-475F-AA78-5E1601975F9D}.Debug|x64.ActiveCfg = Debug|x64
		{310C1146-0EB0-475F-AA78-5E1601975F9D}.Debug|x64.Build.0 = Debug|x64
		{310C1146-0EB0-475F-AA78-5E1601975F9D}.Debug|x86.ActiveCfg = Debug|Win32
		{310C1146-0EB0-475F-AA78-5E1601975F9D}.Debug|x86.Build.0 = Debug|Win32
		{310C1146-0EB0-475F-AA78-5E1601975F9D}.Release|x64.ActiveCfg = Release|x64
		{310C1146-0EB0-475F-AA78-5E1601975F9D}.Release|x64.Build.0 = Release|x64
		{310C1146-0EB0-475F-AA78-5E1601975F9D}.Release|x86.ActiveCfg = Release|Win32
		{310C1146-0EB0-475F-AA78-5E1601975F9D}.Release|x86.Build.0 = Release|Win32
		{60648497-514C-4190-8A9E-CCC5691F6033}.Debug|x64.ActiveCfg = Debug|x64
		{60648497-514C-4190-8A9E-CCC5691F6033}.Debug|x64.Build.0 = Debug|x64
		{60648497-514C-4190-8A9E-CCC5691F6033}.Debug|x86.ActiveCfg = Debug|Win32
		{60648497-514C-4190-8A9E-CCC5691F6033}.Debug|x86.Build.0 = Debug|Win32
		{60648497-514C-4190-8A9E-CCC5691F6033}.Release|x64.ActiveCfg = Release|x64
		{60648497-514C-4190-8A9E-CCC5691F6033}.Release|x64.Build.0 = Release|x64
		{60648497-514C-4190-8A9E-CCC5691F6033}.Release|x86.ActiveCfg = Release|Win32
		{60648497-514C-4190-8A9E-CCC5691F6033}.Release|x86.Build.0 = Release|Win32
		{76E20A4F-456A-4EDD-A03B-761A691A4452}.Debug|x64.ActiveCfg = Debug|x64
		{76E20A4F-456A-4EDD-A03B-761A691A4452}.Debug|x64.Build.0 = Debug|x64
		{76E20A4F-456A-4EDD-A03B-761A691A4452}.Debug|x86.ActiveCfg = Debug|Win32
		{76E20A4F-456A-4EDD-A03B-761A691A4452}.Debug|x86.Build.0 = Debug|Win32
		{76E20A4F-456A-4EDD-A03B-761A691A4452}.Release|x64.ActiveCfg = Release|x64
		{76E20A4F-456A-4EDD-A03B-761A691A4452}.Release|x64.Build.0 = Release|x64
		{76E20A4F-456A-4EDD-A03B-761A691A4452}.Release|x86.ActiveCfg = Release|Win32
		{76E20A4F-456A-4EDD-A03B-761A691A4452}.Release|x86.Build.0 = Release|Win32
		{75A31F2D-DEBE-45A5-8718-A5BED90DF835}.Debug|x64.ActiveCfg = Debug|x64
		{75A31F2D-DEBE-45A5-8718-A5BED90DF835}.Debug|x64.Build.0 = Debug|x64
		{75A31F2D-DEBE-45A5-8718-A5BED90DF835}.Debug|x86.ActiveCfg = Debug|Win32
		{75A31F2D-DEBE-45A5-8718-A5BED90DF835}.Debug|x86.Build.0 = Debug|Win32
		{75A31F2D-DEBE-45A5-8718-A5BED90DF835}.Release|x64.ActiveCfg = Release|x64
		{75A31F2D-DEBE-45A5-8718-A5BED90DF835}.Release|x64.Build.0 = Release|x64
		{75A31F2D-DEBE-45A5-8718-A5BED90DF835}.Release|x86.ActiveCfg = Release|Win32
		{75A31F2D-DEBE-45A5-8718-A5BED90DF835}.Release|x86.Build.0 = Release|Win32
		{B421AE55-72BC-4866-B246-A6D376CFB02A}.Debug|x64.ActiveCfg = Debug|x64
		{B421AE55-72BC-4866-B246-A6D376CFB02A}.Debug|x64.Build.0 = Debug|x64
		{B421AE55-72BC-4866-B246-A6D376CFB02A}.Debug|x86.ActiveCfg = Debug|Win32
		{B421AE55-72BC-4866-B246-A6D376CFB02A}.Debug|x86.Build.0 = Debug|Win32
		{B421AE55-72BC-4866-B246-A6D376CFB02A}.Release|x64.ActiveCfg = Release|x64
		{B421AE55-72BC-4866-B246-A6D376CFB02A}.Release|x64.Build.0 = Release|x64
		{B421AE55-72BC-4866-B246-A6D376CFB02A}.Release|x86.ActiveCfg = Release|Win32
		{B421AE55-72BC-4866-B246-A6D376CFB02A}.Release|x86.Build.0 = Release|Win32
		{14235488-3D2D-46F3-A25B-0837FA694ECB}.Debug|x64.ActiveCfg = Debug|x64
		{14235488-3D2D-46F3-A25B-0837FA694ECB}.Debug|x64.Build.0 = Debug|x64
		{14235488-3D2D-46F3-A25B-0837FA694ECB}.Debug|x86.ActiveCfg = Debug|Win32
		{14235488-3D2D-46F3-A25B-0837FA694ECB}.Debug|x86.Build.0 = Debug|Win32
		{14235488-3D2D-46F3-A25B-0837FA694ECB}.Release|x64.ActiveCfg = Release|x64
		{14235488-3D2D-46F3-A25B-0837FA694ECB}.Release|x64.Build.0 = Release|x64
		{14235488-3D2D-46F3-A25B-0837FA694ECB}.Release|x86.ActiveCfg = Release|Win32
		{14235488-3D2D-46F3-A25B-0837FA694ECB}.Release|x86.Build.0 = Release|Win32
		{AD28D2EC-1F7A-4F49-885F-D00662242DA1}.Debug|x64.ActiveCfg = Debug|x64
		{AD28D2EC-1F7A-4F49-885F-D00662242DA1}.Debug|x64.Build.0 = Debug|x64
		{AD28D2EC-1F7A-4F49-885F-D00662242DA1}.Debug|x86.ActiveCfg = Debug|Win32
		{AD28D2EC-1F7A-4F49-885F-D00662242DA1}.Debug|x86.Build.0 = Debug|Win32
		{AD28D2EC-1F7A-4F49-885F-D00662242DA1}.Release|x64.ActiveCfg = Release|x64
		{AD28D2EC-1F7A-4F49-885F-D00662242DA1}.Release|x64.Build.0 = Release|x64
		{AD28D2EC-1F7A-4F49-885F-D00662242DA1}.Release|x86.ActiveCfg = Release|Win32
		{AD28D2EC-1F7A-4F49-885F-D00662242DA1}.Release|x86.Build.0 = Release|Win32
		{2D67A342-AFA3-4B05-A419-E612BE1E24ED}.Debug|x64.ActiveCfg = Debug|x64
		{2D67A342-AFA3-4B05-A419-E612BE1E24ED}.Debug|x64.Build.0 = Debug|x64
		{2D67A342-AFA3-4B05-A419-E612BE1E24ED}.Debug|x86.ActiveCfg = Debug|Win32
		{2D67A342-AFA3-4B05-A419-E612BE1E24ED}.Debug|x86.Build.0 = Debug|Win32
		{2D67A342-AFA3-4B05-A419-E612BE1E24ED}.Release|x64.ActiveCfg = Release|x64
		{2D67A342-AFA3-4B05-A419-E612BE1E24ED}.Release|x64.Build.0 = Release|x64
		{2D67A342-AFA3-4B05-A419-E612BE1E24ED}.Release|x86.ActiveCfg = Release|Win32
		{2D67A342-AFA3-4B05-A419-E612BE1E24ED}.Release|x86.Build.0 = Release|Win32
		{5E38657D-B500-4CBC-8467-183D90A8CE1E}.Debug|x64.ActiveCfg = Debug|x64
		{5E38657D-B500-4CBC-8467-183D90A8CE1E}.Debug|x64.Build.0 = Debug|x64
		{5E38657D-B500-4CBC-8467-183D90A8CE1E}.Debug|x86.ActiveCfg = Debug|Win32
		{5E38657D-B500-4CBC-8467-183D90A8CE1E}.Debug|x86.Build.0 = Debug|Win32
		{5E38657D-B500-4CBC-8467-183D90A8CE1E}.Release|x64.ActiveCfg = Release|x64
		{5E38657D-B500-4CBC-8467-183D90A8CE1E}.Release|x64.Build.0 = Release|x64
		{5E38657D-B500-4CBC-8467-183D90A8CE1E}.Release|x86.ActiveCfg = Release|Win32
		{5E38657D-B500-4CBC-8467-183D90A8CE1E}.Release|x86.Build.0 = Release|Win32
		{401FEECC-A931-476F-AC24-E42601E7D533}.Debug|x64.ActiveCfg = Debug|x64
		{401FEECC-A931-476F-AC24-E42601E7D533}.Debug|x64.Build.0 = Debug|x64
		{401FEECC-A931-476F-AC24-E42601E7D533}.Debug|x86.ActiveCfg = Debug|Win32
		{401FEECC-A931-476F-AC24-E42601E7D533}.Debug|x86.Build.0 = Debug|Win32
		{401FEECC-A931-476F-AC24-E42601E7D533}.Release|x64.ActiveCfg = Release|x64
		{401FEECC-A931-476F-AC24-E42601E7D533}.Release|x64.Build.0 = Release|x64
		{401FEECC-A931-476F-AC24-E42601E7D533}.Release|x86.ActiveCfg = Release|Win32
		{401FEECC-A931-476F-AC24-E42601E7D533}.Release|x86.Build.0 = Release|Win32
		{5625889C-6826-4B57-8040-44BA3F082988}.Debug|x64.ActiveCfg = Debug|x64
		{5625889C-6826-4B57-8040-44BA3F082988}.Debug|x64.Build.0 = Debug|x64
		{5625889C-6826-4B57-8040-44BA3F082988}.Debug|x86.ActiveCfg = Debug|Win32
		{5625889C-6826-4B57-8040-44BA3F082988}.Debug|x86.Build.0 = Debug|Win32
		{5625889C-6826-4B57-8040-44BA3F082988}.Release|x64.ActiveCfg = Release|x64
		{5625889C-6826-4B57-8040-44BA3F082988}.Release|x64.Build.0 = Release|x64
		{5625889C-6826-4B57-8040-44BA3F082988}.Release|x86.ActiveCfg = Release|Win32
		{5625889C-6826-4B57-8040-44BA3F082988}.Release|x86.Build.0 = Release|Win32
		{9AC27D43-22A2-4EAE-993F-52F4E4DE8CBD}.Debug|x64.ActiveCfg = Debug|x64
		{9AC27D43-22A2-4EAE-993F-52F4E4DE8CBD}.Debug|x64.Build.0 = Debug|x64
		{9AC27D43-22A2-4EAE-993F-52F4E4DE8CBD}.Debug|x86.ActiveCfg = Debug|Win32
		{9AC27D43-22A2-4EAE-993F-52F4E4DE8CBD}.Debug|x86.Build.0 = Debug|Win32
		{9AC27D43-22A2-4EAE-993F-52F4E4DE8CBD}.Release|x64.ActiveCfg = Release|x64
		{9AC27D43-22A2-4EAE-993F-52F4E4DE8CBD}.Release|x64.Build.0 = Release|x64
		{9AC27D43-22A2-4EAE-993F-52F4E4DE8CBD}.Release|x86.ActiveCfg = Release|Win32
		{9AC27D43-22A2-4EAE-993F-52F4E4DE8CBD}.Release|x86.Build.0 = Release|Win32
		{5AA804D1-9A8E-46A6-8BB8-1981A3093AEE}.Debug|x64.ActiveCfg = Debug|x64
		{5AA804D1-9A8E-46A6-8BB8-1981A3093AEE}.Debug|x64.Build.0 = Debug|x64
		{5AA804D1-9A8E-46A6-8BB8-1981A3093AEE}.Debug|x86.ActiveCfg = Debug|Win32
		{5AA804D1-9A8E-46A6-8BB8-1981A3093AEE}.Debug|x86.Build.0 = Debug|Win32
		{5AA804D1-9A8E-46A6-8BB8-1981A3093AEE}.Release|x64.ActiveCfg = Release|x64
		{5AA804D1-9A8E-46A6-8BB8-1981A3093AEE}.Release|x64.Build.0 = Release|x64
		{5AA804D1-9A8E-46A6-8BB8-1981A3093AEE}.Release|x86.ActiveCfg = Release|Win32
		{5AA804D1-9A8E-46A6-8BB8-1981A3093AEE}.Release|x86.Build.0 = Release|Win32
		{75CC1BD6-A6D0-4D0E-8E78-25C125534EEE}.Debug|x64.ActiveCfg = Debug|x64
		{75CC1BD6-A6D0-4D0E-8E78-25C125534EEE}.Debug|x64.Build.0 = Debug|x64
		{75CC1BD6-A6D0-4D0E-8E78-25C125534EEE}.Debug|x86.ActiveCfg = Debug|Win32
		{75CC1BD6-A6D0-4D0E-8E78-25C125534EEE}.Debug|x86.Build.0 = Debug|Win32
		{75CC1BD6-A6D0-4D0E-8E78-25C125534EEE}.Release|x64.ActiveCfg = Release|x64
		{75CC1BD6-A6D0-4D0E-8E78-25C125534EEE}.Release|x64.Build.0 = Release|x64
		{75CC1BD6-A6D0-4D0E-8E78-25C125534EEE}.Release|x86.ActiveCfg = Release|Win32
		{75CC1BD6-A6D0-4D0E-8E78-25C125534EEE}.Release|x86.Build.0 = Release|Win32
		{FCBB8693-E98E-4C49-9A12-3CB9080B7810}.Debug|x64.ActiveCfg = Debug|x64
		{FCBB8693-E98E-4C49-9A12-3CB9080B7810}.Debug|x64.Build.0 = Debug|x64
		{FCBB8693-E98E-4C49-9A12-3CB9080B7810}.Debug|x86.ActiveCfg = Debug|Win32
		{FCBB8693-E98E-4C49-9A12-3CB9080B7810}.Debug|x86.Build.0 = Debug|Win32
		{FCBB8693-E98E-4C49-9A12-3CB9080B7810}.Release|x64.ActiveCfg = Release|x64
		{FCBB8693-E98E-4C49-9A12-3CB9080B7810}.Release|x64.Build.0 = Release|x64
		{FCBB8693-E98E-4C49-9A12-3CB9080B7810}.Release|x86.ActiveCfg = Release|Win32
		{FCBB8693-E98E-4C49-9A12-3CB9080B7810}.Release|x86.Build.0 = Release|Win32
		{F42D3F59-3DDB-4830-B70F-4DD637B863B1}.Debug|x64.ActiveCfg = Debug|x64
		{F42D3F59-3DDB-4830-B70F-4DD637B863B1}.Debug|x64.Build.0 = Debug|x64
		{F42D3F59-3DDB-4830-B70F-4DD637B863B1}.Debug|x86.ActiveCfg = Debug|Win32
		{F42D3F59-3DDB-4830-B70F-4DD637B863B1}.Debug|x86.Build.0 = Debug|Win32
		{F42D3F59-3DDB-4830-B70F-4DD637B863B1}.Release|x64.ActiveCfg = Release|x64
		{F42D3F59-3DDB-4830-B70F-4DD637B863B1}.Release|x64.Build.0 = Release|x64
		{F42D3F59-3DDB-4830-B70F-4DD637B863B1}.Release|x86.ActiveCfg = Release|Win32
		{F42D3F59-3DDB-4830-B70F-4DD637B863B1}.Release|x86.Build.0 = Release|Win32
	EndGlobalSection
	GlobalSection(SolutionProperties) = preSolution
		HideSolutionNode = FALSE
	EndGlobalSection
	GlobalSection(ExtensibilityGlobals) = postSolution
		SolutionGuid = {D3C7195C-6F1E-469E-9838-5B771BD85D07}
	EndGlobalSection
EndGlobal
